
Microsoft Visual Studio Solution File, Format Version 12.00
# Visual Studio Version 17
VisualStudioVersion = 17.6.33723.286
MinimumVisualStudioVersion = 10.0.40219.1
Project("{9A19103F-16F7-4668-BE54-9A1E7A4F7556}") = "DbConsole", "OtusDbConsole\DbConsole.csproj", "{5B580DE9-2FFE-4B5E-AB49-86D602C35E97}"
EndProject
Project("{2150E333-8FDC-42A3-9474-1A3956D46DE8}") = "Task-1", "Task-1", "{37FDEB4D-AA5F-4B4F-9BF1-4B8905EF0608}"
	ProjectSection(SolutionItems) = preProject
		Task-1.txt = Task-1.txt
	EndProjectSection
EndProject
Project("{9A19103F-16F7-4668-BE54-9A1E7A4F7556}") = "DbConsole.Infrastructure", "Otus.Infrastructure\DbConsole.Infrastructure.csproj", "{5C84D20E-38C8-4EC4-90A1-0938FF82FB57}"
EndProject
Project("{9A19103F-16F7-4668-BE54-9A1E7A4F7556}") = "DbConsole.Application", "DbConsole.Application\DbConsole.Application.csproj", "{7EE37E1A-4E51-4F05-8AD1-FA2474E7503A}"
EndProject
Project("{2150E333-8FDC-42A3-9474-1A3956D46DE8}") = "Task-2", "Task-2", "{4C1B6C03-6FBB-43A1-9E29-19B525AC6E02}"
	ProjectSection(SolutionItems) = preProject
		Task-2.txt = Task-2.txt
	EndProjectSection
EndProject
Project("{9A19103F-16F7-4668-BE54-9A1E7A4F7556}") = "Customer.WebApi", "Customer.WebApi\Customer.WebApi.csproj", "{A5F638C9-F684-4DC1-83DA-E84206BFC96B}"
EndProject
Project("{9A19103F-16F7-4668-BE54-9A1E7A4F7556}") = "Cutomer.Console", "Cutomer.Console\Cutomer.Console.csproj", "{4EE01350-329B-4D5F-90B1-BC296948F3F0}"
EndProject
Project("{2150E333-8FDC-42A3-9474-1A3956D46DE8}") = "Task-3", "Task-3", "{18A78A2D-8BEC-48D8-A77F-50D6355EFF8C}"
	ProjectSection(SolutionItems) = preProject
		Task-3.txt = Task-3.txt
	EndProjectSection
EndProject
Project("{2150E333-8FDC-42A3-9474-1A3956D46DE8}") = "Task-4", "Task-4", "{8D6B8D08-A830-414F-BE0E-F0F7E7E85982}"
	ProjectSection(SolutionItems) = preProject
		Task-4.txt = Task-4.txt
	EndProjectSection
EndProject
Project("{9A19103F-16F7-4668-BE54-9A1E7A4F7556}") = "GuessGame.Console", "GuessGame.Console\GuessGame.Console.csproj", "{B4125D50-CB5F-4E99-927E-588EF05022C2}"
EndProject
Project("{2150E333-8FDC-42A3-9474-1A3956D46DE8}") = "Task-5", "Task-5", "{E23B1432-AE2D-4B0A-B598-4B9192A34D29}"
	ProjectSection(SolutionItems) = preProject
		Task-5.txt = Task-5.txt
	EndProjectSection
EndProject
Project("{2150E333-8FDC-42A3-9474-1A3956D46DE8}") = "Task-6", "Task-6", "{65D3EB1A-62C8-4DC2-9E2F-7E147C0267DE}"
	ProjectSection(SolutionItems) = preProject
		Task-6.txt = Task-6.txt
	EndProjectSection
EndProject
Project("{2150E333-8FDC-42A3-9474-1A3956D46DE8}") = "Task-7", "Task-7", "{54827076-777F-4131-9634-3BC0238EDC58}"
	ProjectSection(SolutionItems) = preProject
		Task-7.txt = Task-7.txt
	EndProjectSection
EndProject
Project("{9A19103F-16F7-4668-BE54-9A1E7A4F7556}") = "TaskFileReader.Console", "TaskFileReader.Console\TaskFileReader.Console.csproj", "{7281919F-A7F6-481E-AACA-6DE68A3FC619}"
EndProject
Project("{2150E333-8FDC-42A3-9474-1A3956D46DE8}") = "Task-8", "Task-8", "{0DB0A31D-D56C-4C8A-86D5-936EC992FD94}"
	ProjectSection(SolutionItems) = preProject
		Task-8.txt = Task-8.txt
	EndProjectSection
EndProject
Project("{9A19103F-16F7-4668-BE54-9A1E7A4F7556}") = "DelegateAndEvents.Console", "DelegateAndEvents.Console\DelegateAndEvents.Console.csproj", "{9F898A76-9A3F-4427-A092-92D02EFDB5E4}"
EndProject
Project("{FAE04EC0-301F-11D3-BF4B-00C04F79EFBC}") = "PrototypePattern.Console", "PrototypePattern.Console\PrototypePattern.Console.csproj", "{AAE83944-EB95-48E6-8818-145ABF3EA35E}"
EndProject
Project("{FAE04EC0-301F-11D3-BF4B-00C04F79EFBC}") = "ParallelComputing.Console", "ParallelComputing.Console\ParallelComputing.Console.csproj", "{AC603323-0BBD-49D1-AC9D-B2C2A090D554}"
EndProject
Project("{FAE04EC0-301F-11D3-BF4B-00C04F79EFBC}") = "Reflection.Console", "Reflection.Console\Reflection.Console.csproj", "{B8651B1D-DA97-4510-824F-0C19F3AFC984}"
EndProject
Global
	GlobalSection(SolutionConfigurationPlatforms) = preSolution
		Debug|Any CPU = Debug|Any CPU
		Release|Any CPU = Release|Any CPU
	EndGlobalSection
	GlobalSection(ProjectConfigurationPlatforms) = postSolution
		{5B580DE9-2FFE-4B5E-AB49-86D602C35E97}.Debug|Any CPU.ActiveCfg = Debug|Any CPU
		{5B580DE9-2FFE-4B5E-AB49-86D602C35E97}.Debug|Any CPU.Build.0 = Debug|Any CPU
		{5B580DE9-2FFE-4B5E-AB49-86D602C35E97}.Release|Any CPU.ActiveCfg = Release|Any CPU
		{5B580DE9-2FFE-4B5E-AB49-86D602C35E97}.Release|Any CPU.Build.0 = Release|Any CPU
		{5C84D20E-38C8-4EC4-90A1-0938FF82FB57}.Debug|Any CPU.ActiveCfg = Debug|Any CPU
		{5C84D20E-38C8-4EC4-90A1-0938FF82FB57}.Debug|Any CPU.Build.0 = Debug|Any CPU
		{5C84D20E-38C8-4EC4-90A1-0938FF82FB57}.Release|Any CPU.ActiveCfg = Release|Any CPU
		{5C84D20E-38C8-4EC4-90A1-0938FF82FB57}.Release|Any CPU.Build.0 = Release|Any CPU
		{7EE37E1A-4E51-4F05-8AD1-FA2474E7503A}.Debug|Any CPU.ActiveCfg = Debug|Any CPU
		{7EE37E1A-4E51-4F05-8AD1-FA2474E7503A}.Debug|Any CPU.Build.0 = Debug|Any CPU
		{7EE37E1A-4E51-4F05-8AD1-FA2474E7503A}.Release|Any CPU.ActiveCfg = Release|Any CPU
		{7EE37E1A-4E51-4F05-8AD1-FA2474E7503A}.Release|Any CPU.Build.0 = Release|Any CPU
		{A5F638C9-F684-4DC1-83DA-E84206BFC96B}.Debug|Any CPU.ActiveCfg = Debug|Any CPU
		{A5F638C9-F684-4DC1-83DA-E84206BFC96B}.Debug|Any CPU.Build.0 = Debug|Any CPU
		{A5F638C9-F684-4DC1-83DA-E84206BFC96B}.Release|Any CPU.ActiveCfg = Release|Any CPU
		{A5F638C9-F684-4DC1-83DA-E84206BFC96B}.Release|Any CPU.Build.0 = Release|Any CPU
		{4EE01350-329B-4D5F-90B1-BC296948F3F0}.Debug|Any CPU.ActiveCfg = Debug|Any CPU
		{4EE01350-329B-4D5F-90B1-BC296948F3F0}.Debug|Any CPU.Build.0 = Debug|Any CPU
		{4EE01350-329B-4D5F-90B1-BC296948F3F0}.Release|Any CPU.ActiveCfg = Release|Any CPU
		{4EE01350-329B-4D5F-90B1-BC296948F3F0}.Release|Any CPU.Build.0 = Release|Any CPU
		{B4125D50-CB5F-4E99-927E-588EF05022C2}.Debug|Any CPU.ActiveCfg = Debug|Any CPU
		{B4125D50-CB5F-4E99-927E-588EF05022C2}.Debug|Any CPU.Build.0 = Debug|Any CPU
		{B4125D50-CB5F-4E99-927E-588EF05022C2}.Release|Any CPU.ActiveCfg = Release|Any CPU
		{B4125D50-CB5F-4E99-927E-588EF05022C2}.Release|Any CPU.Build.0 = Release|Any CPU
		{7281919F-A7F6-481E-AACA-6DE68A3FC619}.Debug|Any CPU.ActiveCfg = Debug|Any CPU
		{7281919F-A7F6-481E-AACA-6DE68A3FC619}.Debug|Any CPU.Build.0 = Debug|Any CPU
		{7281919F-A7F6-481E-AACA-6DE68A3FC619}.Release|Any CPU.ActiveCfg = Release|Any CPU
		{7281919F-A7F6-481E-AACA-6DE68A3FC619}.Release|Any CPU.Build.0 = Release|Any CPU
		{9F898A76-9A3F-4427-A092-92D02EFDB5E4}.Debug|Any CPU.ActiveCfg = Debug|Any CPU
		{9F898A76-9A3F-4427-A092-92D02EFDB5E4}.Debug|Any CPU.Build.0 = Debug|Any CPU
		{9F898A76-9A3F-4427-A092-92D02EFDB5E4}.Release|Any CPU.ActiveCfg = Release|Any CPU
		{9F898A76-9A3F-4427-A092-92D02EFDB5E4}.Release|Any CPU.Build.0 = Release|Any CPU
		{AAE83944-EB95-48E6-8818-145ABF3EA35E}.Debug|Any CPU.ActiveCfg = Debug|Any CPU
		{AAE83944-EB95-48E6-8818-145ABF3EA35E}.Debug|Any CPU.Build.0 = Debug|Any CPU
		{AAE83944-EB95-48E6-8818-145ABF3EA35E}.Release|Any CPU.ActiveCfg = Release|Any CPU
		{AAE83944-EB95-48E6-8818-145ABF3EA35E}.Release|Any CPU.Build.0 = Release|Any CPU
		{AC603323-0BBD-49D1-AC9D-B2C2A090D554}.Debug|Any CPU.ActiveCfg = Debug|Any CPU
		{AC603323-0BBD-49D1-AC9D-B2C2A090D554}.Debug|Any CPU.Build.0 = Debug|Any CPU
		{AC603323-0BBD-49D1-AC9D-B2C2A090D554}.Release|Any CPU.ActiveCfg = Release|Any CPU
		{AC603323-0BBD-49D1-AC9D-B2C2A090D554}.Release|Any CPU.Build.0 = Release|Any CPU
		{B8651B1D-DA97-4510-824F-0C19F3AFC984}.Debug|Any CPU.ActiveCfg = Debug|Any CPU
		{B8651B1D-DA97-4510-824F-0C19F3AFC984}.Debug|Any CPU.Build.0 = Debug|Any CPU
		{B8651B1D-DA97-4510-824F-0C19F3AFC984}.Release|Any CPU.ActiveCfg = Release|Any CPU
		{B8651B1D-DA97-4510-824F-0C19F3AFC984}.Release|Any CPU.Build.0 = Release|Any CPU
	EndGlobalSection
	GlobalSection(SolutionProperties) = preSolution
		HideSolutionNode = FALSE
	EndGlobalSection
	GlobalSection(NestedProjects) = preSolution
		{5B580DE9-2FFE-4B5E-AB49-86D602C35E97} = {37FDEB4D-AA5F-4B4F-9BF1-4B8905EF0608}
		{5C84D20E-38C8-4EC4-90A1-0938FF82FB57} = {37FDEB4D-AA5F-4B4F-9BF1-4B8905EF0608}
		{7EE37E1A-4E51-4F05-8AD1-FA2474E7503A} = {37FDEB4D-AA5F-4B4F-9BF1-4B8905EF0608}
		{A5F638C9-F684-4DC1-83DA-E84206BFC96B} = {4C1B6C03-6FBB-43A1-9E29-19B525AC6E02}
		{4EE01350-329B-4D5F-90B1-BC296948F3F0} = {4C1B6C03-6FBB-43A1-9E29-19B525AC6E02}
		{B4125D50-CB5F-4E99-927E-588EF05022C2} = {18A78A2D-8BEC-48D8-A77F-50D6355EFF8C}
		{7281919F-A7F6-481E-AACA-6DE68A3FC619} = {65D3EB1A-62C8-4DC2-9E2F-7E147C0267DE}
		{9F898A76-9A3F-4427-A092-92D02EFDB5E4} = {E23B1432-AE2D-4B0A-B598-4B9192A34D29}
		{AAE83944-EB95-48E6-8818-145ABF3EA35E} = {0DB0A31D-D56C-4C8A-86D5-936EC992FD94}
		{AC603323-0BBD-49D1-AC9D-B2C2A090D554} = {54827076-777F-4131-9634-3BC0238EDC58}
		{B8651B1D-DA97-4510-824F-0C19F3AFC984} = {8D6B8D08-A830-414F-BE0E-F0F7E7E85982}
	EndGlobalSection
	GlobalSection(ExtensibilityGlobals) = postSolution
		SolutionGuid = {1CE5065B-79BD-4A68-8818-991220477188}
	EndGlobalSection
EndGlobal
